
Microsoft Visual Studio Solution File, Format Version 12.00
# Visual Studio Version 17
VisualStudioVersion = 17.14.36429.23 d17.14
MinimumVisualStudioVersion = 10.0.40219.1
Project("{888888A0-9F3D-457C-B088-3A5042F75D52}") = "first project", "first project\first project.pyproj", "{A34AB35C-5D9E-4DAE-9246-29C0E17EFB37}"
EndProject
Global
	GlobalSection(SolutionConfigurationPlatforms) = preSolution
		Debug|Any CPU = Debug|Any CPU
		Release|Any CPU = Release|Any CPU
	EndGlobalSection
	GlobalSection(ProjectConfigurationPlatforms) = postSolution
		{A34AB35C-5D9E-4DAE-9246-29C0E17EFB37}.Debug|Any CPU.ActiveCfg = Debug|Any CPU
		{A34AB35C-5D9E-4DAE-9246-29C0E17EFB37}.Debug|Any CPU.Build.0 = Debug|Any CPU
		{A34AB35C-5D9E-4DAE-9246-29C0E17EFB37}.Release|Any CPU.ActiveCfg = Release|Any CPU
		{A34AB35C-5D9E-4DAE-9246-29C0E17EFB37}.Release|Any CPU.Build.0 = Release|Any CPU
	EndGlobalSection
	GlobalSection(SolutionProperties) = preSolution
		HideSolutionNode = FALSE
	EndGlobalSection
	GlobalSection(ExtensibilityGlobals) = postSolution
		SolutionGuid = {21110DAC-F3A1-4D72-AC45-973B018B3624}
	EndGlobalSection
EndGlobal
